
Microsoft Visual Studio Solution File, Format Version 12.00
# Visual Studio Version 16
VisualStudioVersion = 16.0.31025.194
MinimumVisualStudioVersion = 10.0.40219.1
Project("{F184B08F-C81C-45F6-A57F-5ABD9991F28F}") = "StansGrocery", "StansGrocery.vbproj", "{D65CDC71-FA9B-400D-97C1-EA1A24208C10}"
EndProject
Global
	GlobalSection(SolutionConfigurationPlatforms) = preSolution
		Debug|Any CPU = Debug|Any CPU
		Release|Any CPU = Release|Any CPU
	EndGlobalSection
	GlobalSection(ProjectConfigurationPlatforms) = postSolution
		{D65CDC71-FA9B-400D-97C1-EA1A24208C10}.Debug|Any CPU.ActiveCfg = Debug|Any CPU
		{D65CDC71-FA9B-400D-97C1-EA1A24208C10}.Debug|Any CPU.Build.0 = Debug|Any CPU
		{D65CDC71-FA9B-400D-97C1-EA1A24208C10}.Release|Any CPU.ActiveCfg = Release|Any CPU
		{D65CDC71-FA9B-400D-97C1-EA1A24208C10}.Release|Any CPU.Build.0 = Release|Any CPU
	EndGlobalSection
	GlobalSection(SolutionProperties) = preSolution
		HideSolutionNode = FALSE
	EndGlobalSection
	GlobalSection(ExtensibilityGlobals) = postSolution
		SolutionGuid = {3F8D3821-C592-4F02-A738-4C1E43DE8944}
	EndGlobalSection
EndGlobal
